
Microsoft Visual Studio Solution File, Format Version 12.00
# Visual Studio Express 2013 for Windows
VisualStudioVersion = 12.0.30723.0
MinimumVisualStudioVersion = 10.0.40219.1
Project("{262852C6-CD72-467D-83FE-5EEB1973A190}") = "ToDoMVC", "ToDoMVC.jsproj", "{0092E632-DB23-4808-B375-2043AED03ACC}"
EndProject
Global
	GlobalSection(SolutionConfigurationPlatforms) = preSolution
		Debug|Any CPU = Debug|Any CPU
		Debug|ARM = Debug|ARM
		Debug|x64 = Debug|x64
		Debug|x86 = Debug|x86
		Release|Any CPU = Release|Any CPU
		Release|ARM = Release|ARM
		Release|x64 = Release|x64
		Release|x86 = Release|x86
	EndGlobalSection
	GlobalSection(ProjectConfigurationPlatforms) = postSolution
		{0092E632-DB23-4808-B375-2043AED03ACC}.Debug|Any CPU.ActiveCfg = Debug|Any CPU
		{0092E632-DB23-4808-B375-2043AED03ACC}.Debug|Any CPU.Build.0 = Debug|Any CPU
		{0092E632-DB23-4808-B375-2043AED03ACC}.Debug|Any CPU.Deploy.0 = Debug|Any CPU
		{0092E632-DB23-4808-B375-2043AED03ACC}.Debug|ARM.ActiveCfg = Debug|ARM
		{0092E632-DB23-4808-B375-2043AED03ACC}.Debug|ARM.Build.0 = Debug|ARM
		{0092E632-DB23-4808-B375-2043AED03ACC}.Debug|ARM.Deploy.0 = Debug|ARM
		{0092E632-DB23-4808-B375-2043AED03ACC}.Debug|x64.ActiveCfg = Debug|x64
		{0092E632-DB23-4808-B375-2043AED03ACC}.Debug|x64.Build.0 = Debug|x64
		{0092E632-DB23-4808-B375-2043AED03ACC}.Debug|x64.Deploy.0 = Debug|x64
		{0092E632-DB23-4808-B375-2043AED03ACC}.Debug|x86.ActiveCfg = Debug|x86
		{0092E632-DB23-4808-B375-2043AED03ACC}.Debug|x86.Build.0 = Debug|x86
		{0092E632-DB23-4808-B375-2043AED03ACC}.Debug|x86.Deploy.0 = Debug|x86
		{0092E632-DB23-4808-B375-2043AED03ACC}.Release|Any CPU.ActiveCfg = Release|Any CPU
		{0092E632-DB23-4808-B375-2043AED03ACC}.Release|Any CPU.Build.0 = Release|Any CPU
		{0092E632-DB23-4808-B375-2043AED03ACC}.Release|Any CPU.Deploy.0 = Release|Any CPU
		{0092E632-DB23-4808-B375-2043AED03ACC}.Release|ARM.ActiveCfg = Release|ARM
		{0092E632-DB23-4808-B375-2043AED03ACC}.Release|ARM.Build.0 = Release|ARM
		{0092E632-DB23-4808-B375-2043AED03ACC}.Release|ARM.Deploy.0 = Release|ARM
		{0092E632-DB23-4808-B375-2043AED03ACC}.Release|x64.ActiveCfg = Release|x64
		{0092E632-DB23-4808-B375-2043AED03ACC}.Release|x64.Build.0 = Release|x64
		{0092E632-DB23-4808-B375-2043AED03ACC}.Release|x64.Deploy.0 = Release|x64
		{0092E632-DB23-4808-B375-2043AED03ACC}.Release|x86.ActiveCfg = Release|x86
		{0092E632-DB23-4808-B375-2043AED03ACC}.Release|x86.Build.0 = Release|x86
		{0092E632-DB23-4808-B375-2043AED03ACC}.Release|x86.Deploy.0 = Release|x86
	EndGlobalSection
	GlobalSection(SolutionProperties) = preSolution
		HideSolutionNode = FALSE
	EndGlobalSection
EndGlobal
